
Microsoft Visual Studio Solution File, Format Version 12.00
# Visual Studio Version 17
VisualStudioVersion = 17.0.31903.59
MinimumVisualStudioVersion = 10.0.40219.1
Project("{FAE04EC0-301F-11D3-BF4B-00C04F79EFBC}") = "TaskManager.Domain", "TaskManager.Domain\TaskManager.Domain.csproj", "{48ADD75C-A4CE-4BBA-ADA0-70290AF787E4}"
EndProject
Project("{FAE04EC0-301F-11D3-BF4B-00C04F79EFBC}") = "TaskManager.Application", "TaskManager.Application\TaskManager.Application.csproj", "{1EB62B28-5994-4F69-B199-4917B62CE77B}"
EndProject
Project("{FAE04EC0-301F-11D3-BF4B-00C04F79EFBC}") = "TaskManager.Infrastructure", "TaskManager.Infrastructure\TaskManager.Infrastructure.csproj", "{8B61E292-D38E-4404-B7C4-548377DA90BA}"
EndProject
Project("{FAE04EC0-301F-11D3-BF4B-00C04F79EFBC}") = "TaskManager.API", "TaskManager.API\TaskManager.API.csproj", "{CA21B68A-C690-458E-AD34-D02D6B7381FD}"
EndProject
Project("{2150E333-8FDC-42A3-9474-1A3956D46DE8}") = "src", "src", "{3A2F8B1C-7E4D-4A9F-B3C1-8D5E9F0A1B2C}"
EndProject
Project("{2150E333-8FDC-42A3-9474-1A3956D46DE8}") = "tests", "tests", "{0AB3BF05-4346-4AA6-1389-037BE0695223}"
EndProject
Project("{FAE04EC0-301F-11D3-BF4B-00C04F79EFBC}") = "TaskManager.UnitTests", "tests\TaskManager.UnitTests\TaskManager.UnitTests.csproj", "{6FBD8FAD-D9F1-4C80-BBBB-4978539687C9}"
EndProject
Global
	GlobalSection(SolutionConfigurationPlatforms) = preSolution
		Debug|Any CPU = Debug|Any CPU
		Debug|x64 = Debug|x64
		Debug|x86 = Debug|x86
		Release|Any CPU = Release|Any CPU
		Release|x64 = Release|x64
		Release|x86 = Release|x86
	EndGlobalSection
	GlobalSection(ProjectConfigurationPlatforms) = postSolution
		{48ADD75C-A4CE-4BBA-ADA0-70290AF787E4}.Debug|Any CPU.ActiveCfg = Debug|Any CPU
		{48ADD75C-A4CE-4BBA-ADA0-70290AF787E4}.Debug|Any CPU.Build.0 = Debug|Any CPU
		{48ADD75C-A4CE-4BBA-ADA0-70290AF787E4}.Debug|x64.ActiveCfg = Debug|Any CPU
		{48ADD75C-A4CE-4BBA-ADA0-70290AF787E4}.Debug|x64.Build.0 = Debug|Any CPU
		{48ADD75C-A4CE-4BBA-ADA0-70290AF787E4}.Debug|x86.ActiveCfg = Debug|Any CPU
		{48ADD75C-A4CE-4BBA-ADA0-70290AF787E4}.Debug|x86.Build.0 = Debug|Any CPU
		{48ADD75C-A4CE-4BBA-ADA0-70290AF787E4}.Release|Any CPU.ActiveCfg = Release|Any CPU
		{48ADD75C-A4CE-4BBA-ADA0-70290AF787E4}.Release|Any CPU.Build.0 = Release|Any CPU
		{48ADD75C-A4CE-4BBA-ADA0-70290AF787E4}.Release|x64.ActiveCfg = Release|Any CPU
		{48ADD75C-A4CE-4BBA-ADA0-70290AF787E4}.Release|x64.Build.0 = Release|Any CPU
		{48ADD75C-A4CE-4BBA-ADA0-70290AF787E4}.Release|x86.ActiveCfg = Release|Any CPU
		{48ADD75C-A4CE-4BBA-ADA0-70290AF787E4}.Release|x86.Build.0 = Release|Any CPU
		{1EB62B28-5994-4F69-B199-4917B62CE77B}.Debug|Any CPU.ActiveCfg = Debug|Any CPU
		{1EB62B28-5994-4F69-B199-4917B62CE77B}.Debug|Any CPU.Build.0 = Debug|Any CPU
		{1EB62B28-5994-4F69-B199-4917B62CE77B}.Debug|x64.ActiveCfg = Debug|Any CPU
		{1EB62B28-5994-4F69-B199-4917B62CE77B}.Debug|x64.Build.0 = Debug|Any CPU
		{1EB62B28-5994-4F69-B199-4917B62CE77B}.Debug|x86.ActiveCfg = Debug|Any CPU
		{1EB62B28-5994-4F69-B199-4917B62CE77B}.Debug|x86.Build.0 = Debug|Any CPU
		{1EB62B28-5994-4F69-B199-4917B62CE77B}.Release|Any CPU.ActiveCfg = Release|Any CPU
		{1EB62B28-5994-4F69-B199-4917B62CE77B}.Release|Any CPU.Build.0 = Release|Any CPU
		{1EB62B28-5994-4F69-B199-4917B62CE77B}.Release|x64.ActiveCfg = Release|Any CPU
		{1EB62B28-5994-4F69-B199-4917B62CE77B}.Release|x64.Build.0 = Release|Any CPU
		{1EB62B28-5994-4F69-B199-4917B62CE77B}.Release|x86.ActiveCfg = Release|Any CPU
		{1EB62B28-5994-4F69-B199-4917B62CE77B}.Release|x86.Build.0 = Release|Any CPU
		{8B61E292-D38E-4404-B7C4-548377DA90BA}.Debug|Any CPU.ActiveCfg = Debug|Any CPU
		{8B61E292-D38E-4404-B7C4-548377DA90BA}.Debug|Any CPU.Build.0 = Debug|Any CPU
		{8B61E292-D38E-4404-B7C4-548377DA90BA}.Debug|x64.ActiveCfg = Debug|Any CPU
		{8B61E292-D38E-4404-B7C4-548377DA90BA}.Debug|x64.Build.0 = Debug|Any CPU
		{8B61E292-D38E-4404-B7C4-548377DA90BA}.Debug|x86.ActiveCfg = Debug|Any CPU
		{8B61E292-D38E-4404-B7C4-548377DA90BA}.Debug|x86.Build.0 = Debug|Any CPU
		{8B61E292-D38E-4404-B7C4-548377DA90BA}.Release|Any CPU.ActiveCfg = Release|Any CPU
		{8B61E292-D38E-4404-B7C4-548377DA90BA}.Release|Any CPU.Build.0 = Release|Any CPU
		{8B61E292-D38E-4404-B7C4-548377DA90BA}.Release|x64.ActiveCfg = Release|Any CPU
		{8B61E292-D38E-4404-B7C4-548377DA90BA}.Release|x64.Build.0 = Release|Any CPU
		{8B61E292-D38E-4404-B7C4-548377DA90BA}.Release|x86.ActiveCfg = Release|Any CPU
		{8B61E292-D38E-4404-B7C4-548377DA90BA}.Release|x86.Build.0 = Release|Any CPU
		{CA21B68A-C690-458E-AD34-D02D6B7381FD}.Debug|Any CPU.ActiveCfg = Debug|Any CPU
		{CA21B68A-C690-458E-AD34-D02D6B7381FD}.Debug|Any CPU.Build.0 = Debug|Any CPU
		{CA21B68A-C690-458E-AD34-D02D6B7381FD}.Debug|x64.ActiveCfg = Debug|Any CPU
		{CA21B68A-C690-458E-AD34-D02D6B7381FD}.Debug|x64.Build.0 = Debug|Any CPU
		{CA21B68A-C690-458E-AD34-D02D6B7381FD}.Debug|x86.ActiveCfg = Debug|Any CPU
		{CA21B68A-C690-458E-AD34-D02D6B7381FD}.Debug|x86.Build.0 = Debug|Any CPU
		{CA21B68A-C690-458E-AD34-D02D6B7381FD}.Release|Any CPU.ActiveCfg = Release|Any CPU
		{CA21B68A-C690-458E-AD34-D02D6B7381FD}.Release|Any CPU.Build.0 = Release|Any CPU
		{CA21B68A-C690-458E-AD34-D02D6B7381FD}.Release|x64.ActiveCfg = Release|Any CPU
		{CA21B68A-C690-458E-AD34-D02D6B7381FD}.Release|x64.Build.0 = Release|Any CPU
		{CA21B68A-C690-458E-AD34-D02D6B7381FD}.Release|x86.ActiveCfg = Release|Any CPU
		{CA21B68A-C690-458E-AD34-D02D6B7381FD}.Release|x86.Build.0 = Release|Any CPU
		{6FBD8FAD-D9F1-4C80-BBBB-4978539687C9}.Debug|Any CPU.ActiveCfg = Debug|Any CPU
		{6FBD8FAD-D9F1-4C80-BBBB-4978539687C9}.Debug|Any CPU.Build.0 = Debug|Any CPU
		{6FBD8FAD-D9F1-4C80-BBBB-4978539687C9}.Debug|x64.ActiveCfg = Debug|Any CPU
		{6FBD8FAD-D9F1-4C80-BBBB-4978539687C9}.Debug|x64.Build.0 = Debug|Any CPU
		{6FBD8FAD-D9F1-4C80-BBBB-4978539687C9}.Debug|x86.ActiveCfg = Debug|Any CPU
		{6FBD8FAD-D9F1-4C80-BBBB-4978539687C9}.Debug|x86.Build.0 = Debug|Any CPU
		{6FBD8FAD-D9F1-4C80-BBBB-4978539687C9}.Release|Any CPU.ActiveCfg = Release|Any CPU
		{6FBD8FAD-D9F1-4C80-BBBB-4978539687C9}.Release|Any CPU.Build.0 = Release|Any CPU
		{6FBD8FAD-D9F1-4C80-BBBB-4978539687C9}.Release|x64.ActiveCfg = Release|Any CPU
		{6FBD8FAD-D9F1-4C80-BBBB-4978539687C9}.Release|x64.Build.0 = Release|Any CPU
		{6FBD8FAD-D9F1-4C80-BBBB-4978539687C9}.Release|x86.ActiveCfg = Release|Any CPU
		{6FBD8FAD-D9F1-4C80-BBBB-4978539687C9}.Release|x86.Build.0 = Release|Any CPU
	EndGlobalSection
	GlobalSection(SolutionProperties) = preSolution
		HideSolutionNode = FALSE
	EndGlobalSection
	GlobalSection(NestedProjects) = preSolution
		{48ADD75C-A4CE-4BBA-ADA0-70290AF787E4} = {3A2F8B1C-7E4D-4A9F-B3C1-8D5E9F0A1B2C}
		{1EB62B28-5994-4F69-B199-4917B62CE77B} = {3A2F8B1C-7E4D-4A9F-B3C1-8D5E9F0A1B2C}
		{8B61E292-D38E-4404-B7C4-548377DA90BA} = {3A2F8B1C-7E4D-4A9F-B3C1-8D5E9F0A1B2C}
		{CA21B68A-C690-458E-AD34-D02D6B7381FD} = {3A2F8B1C-7E4D-4A9F-B3C1-8D5E9F0A1B2C}
		{6FBD8FAD-D9F1-4C80-BBBB-4978539687C9} = {0AB3BF05-4346-4AA6-1389-037BE0695223}
	EndGlobalSection
EndGlobal
